
Microsoft Visual Studio Solution File, Format Version 12.00
# Visual Studio Version 16
VisualStudioVersion = 16.0.29905.134
MinimumVisualStudioVersion = 10.0.40219.1
Project("{FAE04EC0-301F-11D3-BF4B-00C04F79EFBC}") = "Kindergarten3", "Kindergarten3.csproj", "{1497763E-64E4-4C72-AEA9-E8AA41B7EFAA}"
EndProject
Global
	GlobalSection(SolutionConfigurationPlatforms) = preSolution
		Debug|Any CPU = Debug|Any CPU
		Release|Any CPU = Release|Any CPU
	EndGlobalSection
	GlobalSection(ProjectConfigurationPlatforms) = postSolution
		{1497763E-64E4-4C72-AEA9-E8AA41B7EFAA}.Debug|Any CPU.ActiveCfg = Debug|Any CPU
		{1497763E-64E4-4C72-AEA9-E8AA41B7EFAA}.Debug|Any CPU.Build.0 = Debug|Any CPU
		{1497763E-64E4-4C72-AEA9-E8AA41B7EFAA}.Release|Any CPU.ActiveCfg = Release|Any CPU
		{1497763E-64E4-4C72-AEA9-E8AA41B7EFAA}.Release|Any CPU.Build.0 = Release|Any CPU
	EndGlobalSection
	GlobalSection(SolutionProperties) = preSolution
		HideSolutionNode = FALSE
	EndGlobalSection
	GlobalSection(ExtensibilityGlobals) = postSolution
		SolutionGuid = {416766EC-9C21-454A-9D40-676D099791BF}
	EndGlobalSection
EndGlobal
